
Microsoft Visual Studio Solution File, Format Version 12.00
# Visual Studio Version 17
VisualStudioVersion = 17.6.33829.357
MinimumVisualStudioVersion = 10.0.40219.1
Project("{FAE04EC0-301F-11D3-BF4B-00C04F79EFBC}") = "StudentDetails", "StudentDetails.csproj", "{8557D2B3-480C-4C34-BCE3-C06F7E46E14C}"
EndProject
Global
	GlobalSection(SolutionConfigurationPlatforms) = preSolution
		Debug|Any CPU = Debug|Any CPU
		Release|Any CPU = Release|Any CPU
	EndGlobalSection
	GlobalSection(ProjectConfigurationPlatforms) = postSolution
		{8557D2B3-480C-4C34-BCE3-C06F7E46E14C}.Debug|Any CPU.ActiveCfg = Debug|Any CPU
		{8557D2B3-480C-4C34-BCE3-C06F7E46E14C}.Debug|Any CPU.Build.0 = Debug|Any CPU
		{8557D2B3-480C-4C34-BCE3-C06F7E46E14C}.Release|Any CPU.ActiveCfg = Release|Any CPU
		{8557D2B3-480C-4C34-BCE3-C06F7E46E14C}.Release|Any CPU.Build.0 = Release|Any CPU
	EndGlobalSection
	GlobalSection(SolutionProperties) = preSolution
		HideSolutionNode = FALSE
	EndGlobalSection
	GlobalSection(ExtensibilityGlobals) = postSolution
		SolutionGuid = {A4AE9A48-1226-4F74-9917-76FCBDA785AC}
	EndGlobalSection
EndGlobal
